
Microsoft Visual Studio Solution File, Format Version 12.00
# Visual Studio Version 16
VisualStudioVersion = 16.0.31410.357
MinimumVisualStudioVersion = 10.0.40219.1
Project("{FAE04EC0-301F-11D3-BF4B-00C04F79EFBC}") = "A1E6", "A1E6.csproj", "{B55F68F0-9771-482F-9379-443B601BCC96}"
EndProject
Global
	GlobalSection(SolutionConfigurationPlatforms) = preSolution
		Debug|Any CPU = Debug|Any CPU
		Release|Any CPU = Release|Any CPU
	EndGlobalSection
	GlobalSection(ProjectConfigurationPlatforms) = postSolution
		{B55F68F0-9771-482F-9379-443B601BCC96}.Debug|Any CPU.ActiveCfg = Debug|Any CPU
		{B55F68F0-9771-482F-9379-443B601BCC96}.Debug|Any CPU.Build.0 = Debug|Any CPU
		{B55F68F0-9771-482F-9379-443B601BCC96}.Release|Any CPU.ActiveCfg = Release|Any CPU
		{B55F68F0-9771-482F-9379-443B601BCC96}.Release|Any CPU.Build.0 = Release|Any CPU
	EndGlobalSection
	GlobalSection(SolutionProperties) = preSolution
		HideSolutionNode = FALSE
	EndGlobalSection
	GlobalSection(ExtensibilityGlobals) = postSolution
		SolutionGuid = {B22C4C18-5A05-4951-A8A2-BEBB7C1E33FE}
	EndGlobalSection
EndGlobal
